
Microsoft Visual Studio Solution File, Format Version 12.00
# Visual Studio Version 16
VisualStudioVersion = 16.0.30406.217
MinimumVisualStudioVersion = 10.0.40219.1
Project("{9A19103F-16F7-4668-BE54-9A1E7A4F7556}") = "DevPack", "DevPack\DevPack.csproj", "{F5BBCDB0-F6F9-4E8F-89D1-16E272C1F21D}"
EndProject
Project("{2150E333-8FDC-42A3-9474-1A3956D46DE8}") = "Tests", "Tests", "{AC365970-5AC6-435D-883F-20B01718CBEF}"
EndProject
Project("{9A19103F-16F7-4668-BE54-9A1E7A4F7556}") = "DevPack.Tests", "DevPack.Tests\DevPack.Tests.csproj", "{C93FAFB3-8CE8-4EC1-9CEB-5141D619F94F}"
EndProject
Global
	GlobalSection(SolutionConfigurationPlatforms) = preSolution
		Debug|Any CPU = Debug|Any CPU
		Release|Any CPU = Release|Any CPU
	EndGlobalSection
	GlobalSection(ProjectConfigurationPlatforms) = postSolution
		{F5BBCDB0-F6F9-4E8F-89D1-16E272C1F21D}.Debug|Any CPU.ActiveCfg = Debug|Any CPU
		{F5BBCDB0-F6F9-4E8F-89D1-16E272C1F21D}.Debug|Any CPU.Build.0 = Debug|Any CPU
		{F5BBCDB0-F6F9-4E8F-89D1-16E272C1F21D}.Release|Any CPU.ActiveCfg = Release|Any CPU
		{F5BBCDB0-F6F9-4E8F-89D1-16E272C1F21D}.Release|Any CPU.Build.0 = Release|Any CPU
		{C93FAFB3-8CE8-4EC1-9CEB-5141D619F94F}.Debug|Any CPU.ActiveCfg = Debug|Any CPU
		{C93FAFB3-8CE8-4EC1-9CEB-5141D619F94F}.Debug|Any CPU.Build.0 = Debug|Any CPU
		{C93FAFB3-8CE8-4EC1-9CEB-5141D619F94F}.Release|Any CPU.ActiveCfg = Release|Any CPU
		{C93FAFB3-8CE8-4EC1-9CEB-5141D619F94F}.Release|Any CPU.Build.0 = Release|Any CPU
	EndGlobalSection
	GlobalSection(SolutionProperties) = preSolution
		HideSolutionNode = FALSE
	EndGlobalSection
	GlobalSection(NestedProjects) = preSolution
		{C93FAFB3-8CE8-4EC1-9CEB-5141D619F94F} = {AC365970-5AC6-435D-883F-20B01718CBEF}
	EndGlobalSection
	GlobalSection(ExtensibilityGlobals) = postSolution
		SolutionGuid = {A0C2B60C-79D1-4F41-AA6F-899DEAAE78A8}
	EndGlobalSection
EndGlobal
